
Microsoft Visual Studio Solution File, Format Version 12.00
# Visual Studio Version 17
VisualStudioVersion = 17.10.35027.167
MinimumVisualStudioVersion = 10.0.40219.1
Project("{9A19103F-16F7-4668-BE54-9A1E7A4F7556}") = "CSharpFundamentals L01", "CSharpFundamentals L01\CSharpFundamentals L01.csproj", "{57A20C7C-61CB-455D-9E64-4FA68DF1221F}"
EndProject
Project("{9A19103F-16F7-4668-BE54-9A1E7A4F7556}") = "CSharpFundamentals L02", "CSharpFundamentals L02\CSharpFundamentals L02.csproj", "{F5F3D8CE-A067-4633-938F-29C7F4178C15}"
EndProject
Project("{9A19103F-16F7-4668-BE54-9A1E7A4F7556}") = "CSharpFundamentals L03", "CSharpFundamentals L03\CSharpFundamentals L03.csproj", "{D9D147F8-50D3-4475-B5B8-946100BBA71D}"
EndProject
Project("{9A19103F-16F7-4668-BE54-9A1E7A4F7556}") = "CSharpFundamentals L04", "CSharpFundamentals L04\CSharpFundamentals L04.csproj", "{1E1CDD81-69AD-468A-9227-208955A2FE69}"
EndProject
Project("{9A19103F-16F7-4668-BE54-9A1E7A4F7556}") = "CSharpFundamentals L05", "CSharpFundamentals L05\CSharpFundamentals L05.csproj", "{0DE8A31B-0EA4-40AA-93E6-ACE3E464932C}"
EndProject
Project("{9A19103F-16F7-4668-BE54-9A1E7A4F7556}") = "CSharpFundamentals L06", "CSharpFundamentals L06\CSharpFundamentals L06.csproj", "{81C35AE1-AEE5-477D-A512-67CF07672338}"
EndProject
Project("{9A19103F-16F7-4668-BE54-9A1E7A4F7556}") = "CSharpFundamentals L07", "CSharpFundamentals L07\CSharpFundamentals L07.csproj", "{7902928B-4EB8-4FDE-8BA0-D52DD432D696}"
EndProject
Project("{FAE04EC0-301F-11D3-BF4B-00C04F79EFBC}") = "CSharpFundamentals L08", "CSharpFundamentals L08\CSharpFundamentals L08.csproj", "{78FE28DA-756E-446F-A23B-F1ABA042A8E0}"
EndProject
Project("{FAE04EC0-301F-11D3-BF4B-00C04F79EFBC}") = "CSharpFundamentals L09", "CSharpFundamentals L09\CSharpFundamentals L09.csproj", "{79BBA47F-9EFF-462C-815B-BBBE1EA359FC}"
EndProject
Global
	GlobalSection(SolutionConfigurationPlatforms) = preSolution
		Debug|Any CPU = Debug|Any CPU
		Release|Any CPU = Release|Any CPU
	EndGlobalSection
	GlobalSection(ProjectConfigurationPlatforms) = postSolution
		{57A20C7C-61CB-455D-9E64-4FA68DF1221F}.Debug|Any CPU.ActiveCfg = Debug|Any CPU
		{57A20C7C-61CB-455D-9E64-4FA68DF1221F}.Debug|Any CPU.Build.0 = Debug|Any CPU
		{57A20C7C-61CB-455D-9E64-4FA68DF1221F}.Release|Any CPU.ActiveCfg = Release|Any CPU
		{57A20C7C-61CB-455D-9E64-4FA68DF1221F}.Release|Any CPU.Build.0 = Release|Any CPU
		{F5F3D8CE-A067-4633-938F-29C7F4178C15}.Debug|Any CPU.ActiveCfg = Debug|Any CPU
		{F5F3D8CE-A067-4633-938F-29C7F4178C15}.Debug|Any CPU.Build.0 = Debug|Any CPU
		{F5F3D8CE-A067-4633-938F-29C7F4178C15}.Release|Any CPU.ActiveCfg = Release|Any CPU
		{F5F3D8CE-A067-4633-938F-29C7F4178C15}.Release|Any CPU.Build.0 = Release|Any CPU
		{D9D147F8-50D3-4475-B5B8-946100BBA71D}.Debug|Any CPU.ActiveCfg = Debug|Any CPU
		{D9D147F8-50D3-4475-B5B8-946100BBA71D}.Debug|Any CPU.Build.0 = Debug|Any CPU
		{D9D147F8-50D3-4475-B5B8-946100BBA71D}.Release|Any CPU.ActiveCfg = Release|Any CPU
		{D9D147F8-50D3-4475-B5B8-946100BBA71D}.Release|Any CPU.Build.0 = Release|Any CPU
		{1E1CDD81-69AD-468A-9227-208955A2FE69}.Debug|Any CPU.ActiveCfg = Debug|Any CPU
		{1E1CDD81-69AD-468A-9227-208955A2FE69}.Debug|Any CPU.Build.0 = Debug|Any CPU
		{1E1CDD81-69AD-468A-9227-208955A2FE69}.Release|Any CPU.ActiveCfg = Release|Any CPU
		{1E1CDD81-69AD-468A-9227-208955A2FE69}.Release|Any CPU.Build.0 = Release|Any CPU
		{0DE8A31B-0EA4-40AA-93E6-ACE3E464932C}.Debug|Any CPU.ActiveCfg = Debug|Any CPU
		{0DE8A31B-0EA4-40AA-93E6-ACE3E464932C}.Debug|Any CPU.Build.0 = Debug|Any CPU
		{0DE8A31B-0EA4-40AA-93E6-ACE3E464932C}.Release|Any CPU.ActiveCfg = Release|Any CPU
		{0DE8A31B-0EA4-40AA-93E6-ACE3E464932C}.Release|Any CPU.Build.0 = Release|Any CPU
		{81C35AE1-AEE5-477D-A512-67CF07672338}.Debug|Any CPU.ActiveCfg = Debug|Any CPU
		{81C35AE1-AEE5-477D-A512-67CF07672338}.Debug|Any CPU.Build.0 = Debug|Any CPU
		{81C35AE1-AEE5-477D-A512-67CF07672338}.Release|Any CPU.ActiveCfg = Release|Any CPU
		{81C35AE1-AEE5-477D-A512-67CF07672338}.Release|Any CPU.Build.0 = Release|Any CPU
		{7902928B-4EB8-4FDE-8BA0-D52DD432D696}.Debug|Any CPU.ActiveCfg = Debug|Any CPU
		{7902928B-4EB8-4FDE-8BA0-D52DD432D696}.Debug|Any CPU.Build.0 = Debug|Any CPU
		{7902928B-4EB8-4FDE-8BA0-D52DD432D696}.Release|Any CPU.ActiveCfg = Release|Any CPU
		{7902928B-4EB8-4FDE-8BA0-D52DD432D696}.Release|Any CPU.Build.0 = Release|Any CPU
		{78FE28DA-756E-446F-A23B-F1ABA042A8E0}.Debug|Any CPU.ActiveCfg = Debug|Any CPU
		{78FE28DA-756E-446F-A23B-F1ABA042A8E0}.Debug|Any CPU.Build.0 = Debug|Any CPU
		{78FE28DA-756E-446F-A23B-F1ABA042A8E0}.Release|Any CPU.ActiveCfg = Release|Any CPU
		{78FE28DA-756E-446F-A23B-F1ABA042A8E0}.Release|Any CPU.Build.0 = Release|Any CPU
		{79BBA47F-9EFF-462C-815B-BBBE1EA359FC}.Debug|Any CPU.ActiveCfg = Debug|Any CPU
		{79BBA47F-9EFF-462C-815B-BBBE1EA359FC}.Debug|Any CPU.Build.0 = Debug|Any CPU
		{79BBA47F-9EFF-462C-815B-BBBE1EA359FC}.Release|Any CPU.ActiveCfg = Release|Any CPU
		{79BBA47F-9EFF-462C-815B-BBBE1EA359FC}.Release|Any CPU.Build.0 = Release|Any CPU
	EndGlobalSection
	GlobalSection(SolutionProperties) = preSolution
		HideSolutionNode = FALSE
	EndGlobalSection
	GlobalSection(ExtensibilityGlobals) = postSolution
		SolutionGuid = {B1934473-D013-4070-8007-D17E441AF7C7}
	EndGlobalSection
EndGlobal
